// !$*UTF8*$!
{
	archiveVersion = 1;
	classes = {
	};
	objectVersion = 56;
	objects = {

/* Begin PBXBuildFile section */
		3D02489C2A56C76E00F0E591 /* AppDelegate.swift in Sources */ = {isa = PBXBuildFile; fileRef = 3D02489B2A56C76E00F0E591 /* AppDelegate.swift */; };
		3D02489E2A56C76E00F0E591 /* SceneDelegate.swift in Sources */ = {isa = PBXBuildFile; fileRef = 3D02489D2A56C76E00F0E591 /* SceneDelegate.swift */; };
		3D0248A02A56C76E00F0E591 /* ViewController.swift in Sources */ = {isa = PBXBuildFile; fileRef = 3D02489F2A56C76E00F0E591 /* ViewController.swift */; };
		3D0248A32A56C76E00F0E591 /* Main.storyboard in Resources */ = {isa = PBXBuildFile; fileRef = 3D0248A12A56C76E00F0E591 /* Main.storyboard */; };
		3D0248A52A56C76F00F0E591 /* Assets.xcassets in Resources */ = {isa = PBXBuildFile; fileRef = 3D0248A42A56C76F00F0E591 /* Assets.xcassets */; };
		3D0248A82A56C76F00F0E591 /* LaunchScreen.storyboard in Resources */ = {isa = PBXBuildFile; fileRef = 3D0248A62A56C76F00F0E591 /* LaunchScreen.storyboard */; };
		3D0248B32A56C76F00F0E591 /* iTunesSearchAppTests.swift in Sources */ = {isa = PBXBuildFile; fileRef = 3D0248B22A56C76F00F0E591 /* iTunesSearchAppTests.swift */; };
		3D0248BD2A56C76F00F0E591 /* iTunesSearchAppUITests.swift in Sources */ = {isa = PBXBuildFile; fileRef = 3D0248BC2A56C76F00F0E591 /* iTunesSearchAppUITests.swift */; };
		3D0248BF2A56C76F00F0E591 /* iTunesSearchAppUITestsLaunchTests.swift in Sources */ = {isa = PBXBuildFile; fileRef = 3D0248BE2A56C76F00F0E591 /* iTunesSearchAppUITestsLaunchTests.swift */; };
		3D0248D72A56CC4100F0E591 /* SearchResultsListViewController.swift in Sources */ = {isa = PBXBuildFile; fileRef = 3D0248D62A56CC4100F0E591 /* SearchResultsListViewController.swift */; };
		3D0248DD2A56CD8400F0E591 /* SearchMusicFlowCoordinator.swift in Sources */ = {isa = PBXBuildFile; fileRef = 3D0248DC2A56CD8400F0E591 /* SearchMusicFlowCoordinator.swift */; };
		3D0248E02A56CE2500F0E591 /* SearchResultsTableViewCell.swift in Sources */ = {isa = PBXBuildFile; fileRef = 3D0248DF2A56CE2500F0E591 /* SearchResultsTableViewCell.swift */; };
		3D0248E22A56CE8000F0E591 /* SearchResultsListViewModel.swift in Sources */ = {isa = PBXBuildFile; fileRef = 3D0248E12A56CE8000F0E591 /* SearchResultsListViewModel.swift */; };
		3D0248E82A56CF7F00F0E591 /* Song.swift in Sources */ = {isa = PBXBuildFile; fileRef = 3D0248E72A56CF7F00F0E591 /* Song.swift */; };
		3D0248EA2A56CFE500F0E591 /* SearchSongsUseCase.swift in Sources */ = {isa = PBXBuildFile; fileRef = 3D0248E92A56CFE500F0E591 /* SearchSongsUseCase.swift */; };
		3D0248EC2A56D33800F0E591 /* SearchRepository.swift in Sources */ = {isa = PBXBuildFile; fileRef = 3D0248EB2A56D33800F0E591 /* SearchRepository.swift */; };
		3D0248EF2A56D39E00F0E591 /* StandardSearchRepository.swift in Sources */ = {isa = PBXBuildFile; fileRef = 3D0248EE2A56D39E00F0E591 /* StandardSearchRepository.swift */; };
		3D0248F22A56D3D100F0E591 /* APIEndpoints.swift in Sources */ = {isa = PBXBuildFile; fileRef = 3D0248F12A56D3D100F0E591 /* APIEndpoints.swift */; };
		3D0248F52A56D48500F0E591 /* SearchResultDTO+Mapping.swift in Sources */ = {isa = PBXBuildFile; fileRef = 3D0248F42A56D48500F0E591 /* SearchResultDTO+Mapping.swift */; };
		3D0248F92A56D55E00F0E591 /* HTTPClient.swift in Sources */ = {isa = PBXBuildFile; fileRef = 3D0248F82A56D55E00F0E591 /* HTTPClient.swift */; };
		3D0248FB2A56D57000F0E591 /* URLSessionHTTPClient.swift in Sources */ = {isa = PBXBuildFile; fileRef = 3D0248FA2A56D57000F0E591 /* URLSessionHTTPClient.swift */; };
		3D0249012A57DCE700F0E591 /* Localizable.strings in Resources */ = {isa = PBXBuildFile; fileRef = 3D0249032A57DCE700F0E591 /* Localizable.strings */; };
		3D0249052A57DD7D00F0E591 /* String+Localizable.swift in Sources */ = {isa = PBXBuildFile; fileRef = 3D0249042A57DD7D00F0E591 /* String+Localizable.swift */; };
		3D0249072A57EE1300F0E591 /* FontUtility.swift in Sources */ = {isa = PBXBuildFile; fileRef = 3D0249062A57EE1300F0E591 /* FontUtility.swift */; };
		3D02493F2A5ABCC100F0E591 /* BaseViewController.swift in Sources */ = {isa = PBXBuildFile; fileRef = 3D02493E2A5ABCC100F0E591 /* BaseViewController.swift */; };
		3D0249412A5ABE0000F0E591 /* FetchImageUseCase.swift in Sources */ = {isa = PBXBuildFile; fileRef = 3D0249402A5ABE0000F0E591 /* FetchImageUseCase.swift */; };
		3D0249432A5ABF7A00F0E591 /* SearchResultsListItemViewModel.swift in Sources */ = {isa = PBXBuildFile; fileRef = 3D0249422A5ABF7A00F0E591 /* SearchResultsListItemViewModel.swift */; };
		3D0249452A5AC06D00F0E591 /* UIViewController+Extension.swift in Sources */ = {isa = PBXBuildFile; fileRef = 3D0249442A5AC06D00F0E591 /* UIViewController+Extension.swift */; };
		3D02494A2A5AC29300F0E591 /* NetworkError.swift in Sources */ = {isa = PBXBuildFile; fileRef = 3D0249492A5AC29300F0E591 /* NetworkError.swift */; };
		3D02494C2A5AC2CC00F0E591 /* APIEndpoint.swift in Sources */ = {isa = PBXBuildFile; fileRef = 3D02494B2A5AC2CC00F0E591 /* APIEndpoint.swift */; };
		3D02494F2A5AC36300F0E591 /* MusicSearchAPIEndpoint.swift in Sources */ = {isa = PBXBuildFile; fileRef = 3D02494E2A5AC36300F0E591 /* MusicSearchAPIEndpoint.swift */; };
		3D0249532A5AC3FB00F0E591 /* APIDataSource.swift in Sources */ = {isa = PBXBuildFile; fileRef = 3D0249522A5AC3FB00F0E591 /* APIDataSource.swift */; };
		3D0249562A5AC46900F0E591 /* SearchResultDTO.swift in Sources */ = {isa = PBXBuildFile; fileRef = 3D0249552A5AC46900F0E591 /* SearchResultDTO.swift */; };
		3D0249582A5AC48100F0E591 /* SearchResponse.swift in Sources */ = {isa = PBXBuildFile; fileRef = 3D0249572A5AC48100F0E591 /* SearchResponse.swift */; };
		3D02495A2A5AC4D500F0E591 /* StandardAPIDataSource.swift in Sources */ = {isa = PBXBuildFile; fileRef = 3D0249592A5AC4D500F0E591 /* StandardAPIDataSource.swift */; };
		3D02495C2A5AC6B000F0E591 /* ImageRepository.swift in Sources */ = {isa = PBXBuildFile; fileRef = 3D02495B2A5AC6B000F0E591 /* ImageRepository.swift */; };
		3D02495E2A5AC70D00F0E591 /* StandardImageRepository.swift in Sources */ = {isa = PBXBuildFile; fileRef = 3D02495D2A5AC70D00F0E591 /* StandardImageRepository.swift */; };
		3D0249602A5AC72200F0E591 /* ImageDataSource.swift in Sources */ = {isa = PBXBuildFile; fileRef = 3D02495F2A5AC72200F0E591 /* ImageDataSource.swift */; };
		3D0249622A5AC73900F0E591 /* StandardImageDataSource.swift in Sources */ = {isa = PBXBuildFile; fileRef = 3D0249612A5AC73900F0E591 /* StandardImageDataSource.swift */; };
		3D0249652A5AC7BC00F0E591 /* ImageLoader.swift in Sources */ = {isa = PBXBuildFile; fileRef = 3D0249642A5AC7BC00F0E591 /* ImageLoader.swift */; };
		3D0249682A5AC7D200F0E591 /* ImageFetchable.swift in Sources */ = {isa = PBXBuildFile; fileRef = 3D0249672A5AC7D200F0E591 /* ImageFetchable.swift */; };
		3D02496A2A5ACAAC00F0E591 /* UIView+Extension.swift in Sources */ = {isa = PBXBuildFile; fileRef = 3D0249692A5ACAAC00F0E591 /* UIView+Extension.swift */; };
		3D02496D2A5ACC4C00F0E591 /* AppDIContainer.swift in Sources */ = {isa = PBXBuildFile; fileRef = 3D02496C2A5ACC4C00F0E591 /* AppDIContainer.swift */; };
		3D0249712A5ACCB000F0E591 /* SearchMusicFlowDependencyProviding.swift in Sources */ = {isa = PBXBuildFile; fileRef = 3D0249702A5ACCB000F0E591 /* SearchMusicFlowDependencyProviding.swift */; };
		3D0249732A5ACCF200F0E591 /* SearchMusicSceneDIContainer.swift in Sources */ = {isa = PBXBuildFile; fileRef = 3D0249722A5ACCF200F0E591 /* SearchMusicSceneDIContainer.swift */; };
		3D0249762A5ACDC200F0E591 /* AppFlowCoordinator.swift in Sources */ = {isa = PBXBuildFile; fileRef = 3D0249752A5ACDC200F0E591 /* AppFlowCoordinator.swift */; };
		3D0249812A5AEBC800F0E591 /* SearchRepositoryTests.swift in Sources */ = {isa = PBXBuildFile; fileRef = 3D0249802A5AEBC800F0E591 /* SearchRepositoryTests.swift */; };
		3D0249832A5AF37600F0E591 /* Mocks.swift in Sources */ = {isa = PBXBuildFile; fileRef = 3D0249822A5AF37600F0E591 /* Mocks.swift */; };
		3D0249852A5AF3AD00F0E591 /* URLSessionHTTPClientTests.swift in Sources */ = {isa = PBXBuildFile; fileRef = 3D0249842A5AF3AD00F0E591 /* URLSessionHTTPClientTests.swift */; };
		3D0249872A5B9DF500F0E591 /* XCTest+Extension.swift in Sources */ = {isa = PBXBuildFile; fileRef = 3D0249862A5B9DF500F0E591 /* XCTest+Extension.swift */; };
		3D0249892A5BA3B600F0E591 /* StandardAPIDataSourceTests.swift in Sources */ = {isa = PBXBuildFile; fileRef = 3D0249882A5BA3B600F0E591 /* StandardAPIDataSourceTests.swift */; };
		3D02498B2A5C04C000F0E591 /* SearchResultsListViewModelTests.swift in Sources */ = {isa = PBXBuildFile; fileRef = 3D02498A2A5C04C000F0E591 /* SearchResultsListViewModelTests.swift */; };
		3D02498E2A5D383200F0E591 /* SongDetailView.swift in Sources */ = {isa = PBXBuildFile; fileRef = 3D02498D2A5D383200F0E591 /* SongDetailView.swift */; };
		3D0249902A5D3C4100F0E591 /* SongDetailViewModel.swift in Sources */ = {isa = PBXBuildFile; fileRef = 3D02498F2A5D3C4100F0E591 /* SongDetailViewModel.swift */; };
/* End PBXBuildFile section */

/* Begin PBXContainerItemProxy section */
		3D0248AF2A56C76F00F0E591 /* PBXContainerItemProxy */ = {
			isa = PBXContainerItemProxy;
			containerPortal = 3D0248902A56C76E00F0E591 /* Project object */;
			proxyType = 1;
			remoteGlobalIDString = 3D0248972A56C76E00F0E591;
			remoteInfo = iTunesSearchApp;
		};
		3D0248B92A56C76F00F0E591 /* PBXContainerItemProxy */ = {
			isa = PBXContainerItemProxy;
			containerPortal = 3D0248902A56C76E00F0E591 /* Project object */;
			proxyType = 1;
			remoteGlobalIDString = 3D0248972A56C76E00F0E591;
			remoteInfo = iTunesSearchApp;
		};
/* End PBXContainerItemProxy section */

/* Begin PBXFileReference section */
		3D0248982A56C76E00F0E591 /* iTunesSearchApp.app */ = {isa = PBXFileReference; explicitFileType = wrapper.application; includeInIndex = 0; path = iTunesSearchApp.app; sourceTree = BUILT_PRODUCTS_DIR; };
		3D02489B2A56C76E00F0E591 /* AppDelegate.swift */ = {isa = PBXFileReference; lastKnownFileType = sourcecode.swift; path = AppDelegate.swift; sourceTree = "<group>"; };
		3D02489D2A56C76E00F0E591 /* SceneDelegate.swift */ = {isa = PBXFileReference; lastKnownFileType = sourcecode.swift; path = SceneDelegate.swift; sourceTree = "<group>"; };
		3D02489F2A56C76E00F0E591 /* ViewController.swift */ = {isa = PBXFileReference; lastKnownFileType = sourcecode.swift; path = ViewController.swift; sourceTree = "<group>"; };
		3D0248A22A56C76E00F0E591 /* Base */ = {isa = PBXFileReference; lastKnownFileType = file.storyboard; name = Base; path = Base.lproj/Main.storyboard; sourceTree = "<group>"; };
		3D0248A42A56C76F00F0E591 /* Assets.xcassets */ = {isa = PBXFileReference; lastKnownFileType = folder.assetcatalog; path = Assets.xcassets; sourceTree = "<group>"; };
		3D0248A72A56C76F00F0E591 /* Base */ = {isa = PBXFileReference; lastKnownFileType = file.storyboard; name = Base; path = Base.lproj/LaunchScreen.storyboard; sourceTree = "<group>"; };
		3D0248A92A56C76F00F0E591 /* Info.plist */ = {isa = PBXFileReference; lastKnownFileType = text.plist.xml; path = Info.plist; sourceTree = "<group>"; };
		3D0248AE2A56C76F00F0E591 /* iTunesSearchAppTests.xctest */ = {isa = PBXFileReference; explicitFileType = wrapper.cfbundle; includeInIndex = 0; path = iTunesSearchAppTests.xctest; sourceTree = BUILT_PRODUCTS_DIR; };
		3D0248B22A56C76F00F0E591 /* iTunesSearchAppTests.swift */ = {isa = PBXFileReference; lastKnownFileType = sourcecode.swift; path = iTunesSearchAppTests.swift; sourceTree = "<group>"; };
		3D0248B82A56C76F00F0E591 /* iTunesSearchAppUITests.xctest */ = {isa = PBXFileReference; explicitFileType = wrapper.cfbundle; includeInIndex = 0; path = iTunesSearchAppUITests.xctest; sourceTree = BUILT_PRODUCTS_DIR; };
		3D0248BC2A56C76F00F0E591 /* iTunesSearchAppUITests.swift */ = {isa = PBXFileReference; lastKnownFileType = sourcecode.swift; path = iTunesSearchAppUITests.swift; sourceTree = "<group>"; };
		3D0248BE2A56C76F00F0E591 /* iTunesSearchAppUITestsLaunchTests.swift */ = {isa = PBXFileReference; lastKnownFileType = sourcecode.swift; path = iTunesSearchAppUITestsLaunchTests.swift; sourceTree = "<group>"; };
		3D0248D62A56CC4100F0E591 /* SearchResultsListViewController.swift */ = {isa = PBXFileReference; lastKnownFileType = sourcecode.swift; path = SearchResultsListViewController.swift; sourceTree = "<group>"; };
		3D0248DC2A56CD8400F0E591 /* SearchMusicFlowCoordinator.swift */ = {isa = PBXFileReference; lastKnownFileType = sourcecode.swift; path = SearchMusicFlowCoordinator.swift; sourceTree = "<group>"; };
		3D0248DF2A56CE2500F0E591 /* SearchResultsTableViewCell.swift */ = {isa = PBXFileReference; lastKnownFileType = sourcecode.swift; path = SearchResultsTableViewCell.swift; sourceTree = "<group>"; };
		3D0248E12A56CE8000F0E591 /* SearchResultsListViewModel.swift */ = {isa = PBXFileReference; lastKnownFileType = sourcecode.swift; path = SearchResultsListViewModel.swift; sourceTree = "<group>"; };
		3D0248E72A56CF7F00F0E591 /* Song.swift */ = {isa = PBXFileReference; lastKnownFileType = sourcecode.swift; path = Song.swift; sourceTree = "<group>"; };
		3D0248E92A56CFE500F0E591 /* SearchSongsUseCase.swift */ = {isa = PBXFileReference; lastKnownFileType = sourcecode.swift; path = SearchSongsUseCase.swift; sourceTree = "<group>"; };
		3D0248EB2A56D33800F0E591 /* SearchRepository.swift */ = {isa = PBXFileReference; lastKnownFileType = sourcecode.swift; path = SearchRepository.swift; sourceTree = "<group>"; };
		3D0248EE2A56D39E00F0E591 /* StandardSearchRepository.swift */ = {isa = PBXFileReference; lastKnownFileType = sourcecode.swift; path = StandardSearchRepository.swift; sourceTree = "<group>"; };
		3D0248F12A56D3D100F0E591 /* APIEndpoints.swift */ = {isa = PBXFileReference; lastKnownFileType = sourcecode.swift; path = APIEndpoints.swift; sourceTree = "<group>"; };
		3D0248F42A56D48500F0E591 /* SearchResultDTO+Mapping.swift */ = {isa = PBXFileReference; lastKnownFileType = sourcecode.swift; path = "SearchResultDTO+Mapping.swift"; sourceTree = "<group>"; };
		3D0248F82A56D55E00F0E591 /* HTTPClient.swift */ = {isa = PBXFileReference; lastKnownFileType = sourcecode.swift; path = HTTPClient.swift; sourceTree = "<group>"; };
		3D0248FA2A56D57000F0E591 /* URLSessionHTTPClient.swift */ = {isa = PBXFileReference; lastKnownFileType = sourcecode.swift; path = URLSessionHTTPClient.swift; sourceTree = "<group>"; };
		3D0249022A57DCE700F0E591 /* en */ = {isa = PBXFileReference; lastKnownFileType = text.plist.strings; name = en; path = en.lproj/Localizable.strings; sourceTree = "<group>"; };
		3D0249042A57DD7D00F0E591 /* String+Localizable.swift */ = {isa = PBXFileReference; lastKnownFileType = sourcecode.swift; path = "String+Localizable.swift"; sourceTree = "<group>"; };
		3D0249062A57EE1300F0E591 /* FontUtility.swift */ = {isa = PBXFileReference; lastKnownFileType = sourcecode.swift; path = FontUtility.swift; sourceTree = "<group>"; };
		3D02493E2A5ABCC100F0E591 /* BaseViewController.swift */ = {isa = PBXFileReference; lastKnownFileType = sourcecode.swift; path = BaseViewController.swift; sourceTree = "<group>"; };
		3D0249402A5ABE0000F0E591 /* FetchImageUseCase.swift */ = {isa = PBXFileReference; lastKnownFileType = sourcecode.swift; path = FetchImageUseCase.swift; sourceTree = "<group>"; };
		3D0249422A5ABF7A00F0E591 /* SearchResultsListItemViewModel.swift */ = {isa = PBXFileReference; lastKnownFileType = sourcecode.swift; path = SearchResultsListItemViewModel.swift; sourceTree = "<group>"; };
		3D0249442A5AC06D00F0E591 /* UIViewController+Extension.swift */ = {isa = PBXFileReference; lastKnownFileType = sourcecode.swift; path = "UIViewController+Extension.swift"; sourceTree = "<group>"; };
		3D0249492A5AC29300F0E591 /* NetworkError.swift */ = {isa = PBXFileReference; lastKnownFileType = sourcecode.swift; path = NetworkError.swift; sourceTree = "<group>"; };
		3D02494B2A5AC2CC00F0E591 /* APIEndpoint.swift */ = {isa = PBXFileReference; lastKnownFileType = sourcecode.swift; path = APIEndpoint.swift; sourceTree = "<group>"; };
		3D02494E2A5AC36300F0E591 /* MusicSearchAPIEndpoint.swift */ = {isa = PBXFileReference; lastKnownFileType = sourcecode.swift; path = MusicSearchAPIEndpoint.swift; sourceTree = "<group>"; };
		3D0249522A5AC3FB00F0E591 /* APIDataSource.swift */ = {isa = PBXFileReference; lastKnownFileType = sourcecode.swift; path = APIDataSource.swift; sourceTree = "<group>"; };
		3D0249552A5AC46900F0E591 /* SearchResultDTO.swift */ = {isa = PBXFileReference; lastKnownFileType = sourcecode.swift; path = SearchResultDTO.swift; sourceTree = "<group>"; };
		3D0249572A5AC48100F0E591 /* SearchResponse.swift */ = {isa = PBXFileReference; lastKnownFileType = sourcecode.swift; path = SearchResponse.swift; sourceTree = "<group>"; };
		3D0249592A5AC4D500F0E591 /* StandardAPIDataSource.swift */ = {isa = PBXFileReference; lastKnownFileType = sourcecode.swift; path = StandardAPIDataSource.swift; sourceTree = "<group>"; };
		3D02495B2A5AC6B000F0E591 /* ImageRepository.swift */ = {isa = PBXFileReference; lastKnownFileType = sourcecode.swift; path = ImageRepository.swift; sourceTree = "<group>"; };
		3D02495D2A5AC70D00F0E591 /* StandardImageRepository.swift */ = {isa = PBXFileReference; lastKnownFileType = sourcecode.swift; path = StandardImageRepository.swift; sourceTree = "<group>"; };
		3D02495F2A5AC72200F0E591 /* ImageDataSource.swift */ = {isa = PBXFileReference; lastKnownFileType = sourcecode.swift; path = ImageDataSource.swift; sourceTree = "<group>"; };
		3D0249612A5AC73900F0E591 /* StandardImageDataSource.swift */ = {isa = PBXFileReference; lastKnownFileType = sourcecode.swift; path = StandardImageDataSource.swift; sourceTree = "<group>"; };
		3D0249642A5AC7BC00F0E591 /* ImageLoader.swift */ = {isa = PBXFileReference; lastKnownFileType = sourcecode.swift; path = ImageLoader.swift; sourceTree = "<group>"; };
		3D0249672A5AC7D200F0E591 /* ImageFetchable.swift */ = {isa = PBXFileReference; lastKnownFileType = sourcecode.swift; path = ImageFetchable.swift; sourceTree = "<group>"; };
		3D0249692A5ACAAC00F0E591 /* UIView+Extension.swift */ = {isa = PBXFileReference; lastKnownFileType = sourcecode.swift; path = "UIView+Extension.swift"; sourceTree = "<group>"; };
		3D02496C2A5ACC4C00F0E591 /* AppDIContainer.swift */ = {isa = PBXFileReference; lastKnownFileType = sourcecode.swift; path = AppDIContainer.swift; sourceTree = "<group>"; };
		3D0249702A5ACCB000F0E591 /* SearchMusicFlowDependencyProviding.swift */ = {isa = PBXFileReference; lastKnownFileType = sourcecode.swift; path = SearchMusicFlowDependencyProviding.swift; sourceTree = "<group>"; };
		3D0249722A5ACCF200F0E591 /* SearchMusicSceneDIContainer.swift */ = {isa = PBXFileReference; lastKnownFileType = sourcecode.swift; path = SearchMusicSceneDIContainer.swift; sourceTree = "<group>"; };
		3D0249752A5ACDC200F0E591 /* AppFlowCoordinator.swift */ = {isa = PBXFileReference; lastKnownFileType = sourcecode.swift; path = AppFlowCoordinator.swift; sourceTree = "<group>"; };
		3D0249802A5AEBC800F0E591 /* SearchRepositoryTests.swift */ = {isa = PBXFileReference; lastKnownFileType = sourcecode.swift; path = SearchRepositoryTests.swift; sourceTree = "<group>"; };
		3D0249822A5AF37600F0E591 /* Mocks.swift */ = {isa = PBXFileReference; lastKnownFileType = sourcecode.swift; path = Mocks.swift; sourceTree = "<group>"; };
		3D0249842A5AF3AD00F0E591 /* URLSessionHTTPClientTests.swift */ = {isa = PBXFileReference; lastKnownFileType = sourcecode.swift; path = URLSessionHTTPClientTests.swift; sourceTree = "<group>"; };
		3D0249862A5B9DF500F0E591 /* XCTest+Extension.swift */ = {isa = PBXFileReference; lastKnownFileType = sourcecode.swift; path = "XCTest+Extension.swift"; sourceTree = "<group>"; };
		3D0249882A5BA3B600F0E591 /* StandardAPIDataSourceTests.swift */ = {isa = PBXFileReference; lastKnownFileType = sourcecode.swift; path = StandardAPIDataSourceTests.swift; sourceTree = "<group>"; };
		3D02498A2A5C04C000F0E591 /* SearchResultsListViewModelTests.swift */ = {isa = PBXFileReference; lastKnownFileType = sourcecode.swift; path = SearchResultsListViewModelTests.swift; sourceTree = "<group>"; };
		3D02498D2A5D383200F0E591 /* SongDetailView.swift */ = {isa = PBXFileReference; lastKnownFileType = sourcecode.swift; path = SongDetailView.swift; sourceTree = "<group>"; };
		3D02498F2A5D3C4100F0E591 /* SongDetailViewModel.swift */ = {isa = PBXFileReference; lastKnownFileType = sourcecode.swift; path = SongDetailViewModel.swift; sourceTree = "<group>"; };
/* End PBXFileReference section */

/* Begin PBXFrameworksBuildPhase section */
		3D0248952A56C76E00F0E591 /* Frameworks */ = {
			isa = PBXFrameworksBuildPhase;
			buildActionMask = 2147483647;
			files = (
			);
			runOnlyForDeploymentPostprocessing = 0;
		};
		3D0248AB2A56C76F00F0E591 /* Frameworks */ = {
			isa = PBXFrameworksBuildPhase;
			buildActionMask = 2147483647;
			files = (
			);
			runOnlyForDeploymentPostprocessing = 0;
		};
		3D0248B52A56C76F00F0E591 /* Frameworks */ = {
			isa = PBXFrameworksBuildPhase;
			buildActionMask = 2147483647;
			files = (
			);
			runOnlyForDeploymentPostprocessing = 0;
		};
/* End PBXFrameworksBuildPhase section */

/* Begin PBXGroup section */
		3D02488F2A56C76E00F0E591 = {
			isa = PBXGroup;
			children = (
				3D0249032A57DCE700F0E591 /* Localizable.strings */,
				3D02489A2A56C76E00F0E591 /* iTunesSearchApp */,
				3D0248B12A56C76F00F0E591 /* iTunesSearchAppTests */,
				3D0248BB2A56C76F00F0E591 /* iTunesSearchAppUITests */,
				3D0248992A56C76E00F0E591 /* Products */,
			);
			sourceTree = "<group>";
		};
		3D0248992A56C76E00F0E591 /* Products */ = {
			isa = PBXGroup;
			children = (
				3D0248982A56C76E00F0E591 /* iTunesSearchApp.app */,
				3D0248AE2A56C76F00F0E591 /* iTunesSearchAppTests.xctest */,
				3D0248B82A56C76F00F0E591 /* iTunesSearchAppUITests.xctest */,
			);
			name = Products;
			sourceTree = "<group>";
		};
		3D02489A2A56C76E00F0E591 /* iTunesSearchApp */ = {
			isa = PBXGroup;
			children = (
				3D0248CF2A56C8D400F0E591 /* Infrastructure */,
				3D0248CE2A56C8CF00F0E591 /* Data */,
				3D0248CD2A56C8C700F0E591 /* Domain */,
				3D0248CC2A56C8B500F0E591 /* Presentation */,
				3D0248CB2A56C8A700F0E591 /* Application */,
				3D02489F2A56C76E00F0E591 /* ViewController.swift */,
				3D0248A12A56C76E00F0E591 /* Main.storyboard */,
				3D0248A42A56C76F00F0E591 /* Assets.xcassets */,
				3D0248A62A56C76F00F0E591 /* LaunchScreen.storyboard */,
				3D0248A92A56C76F00F0E591 /* Info.plist */,
			);
			path = iTunesSearchApp;
			sourceTree = "<group>";
		};
		3D0248B12A56C76F00F0E591 /* iTunesSearchAppTests */ = {
			isa = PBXGroup;
			children = (
				3D02497D2A5AEA7100F0E591 /* InfrastructureTests */,
				3D02497C2A5AEA5C00F0E591 /* RepositoryTests */,
				3D02497B2A5AE9DB00F0E591 /* Helpers */,
				3D02497A2A5AD6EA00F0E591 /* DataSourceTests */,
				3D0249792A5AD6DC00F0E591 /* ViewModelTests */,
				3D0248B22A56C76F00F0E591 /* iTunesSearchAppTests.swift */,
			);
			path = iTunesSearchAppTests;
			sourceTree = "<group>";
		};
		3D0248BB2A56C76F00F0E591 /* iTunesSearchAppUITests */ = {
			isa = PBXGroup;
			children = (
				3D0248BC2A56C76F00F0E591 /* iTunesSearchAppUITests.swift */,
				3D0248BE2A56C76F00F0E591 /* iTunesSearchAppUITestsLaunchTests.swift */,
			);
			path = iTunesSearchAppUITests;
			sourceTree = "<group>";
		};
		3D0248CB2A56C8A700F0E591 /* Application */ = {
			isa = PBXGroup;
			children = (
				3D0249742A5ACDAC00F0E591 /* FlowCoordinators */,
				3D02496B2A5ACC3800F0E591 /* DI */,
				3D02489B2A56C76E00F0E591 /* AppDelegate.swift */,
				3D02489D2A56C76E00F0E591 /* SceneDelegate.swift */,
			);
			path = Application;
			sourceTree = "<group>";
		};
		3D0248CC2A56C8B500F0E591 /* Presentation */ = {
			isa = PBXGroup;
			children = (
				3D02493D2A5ABCAD00F0E591 /* Common */,
				3D0248D82A56CC5C00F0E591 /* Util */,
				3D0248D02A56C8EC00F0E591 /* Scenes */,
			);
			path = Presentation;
			sourceTree = "<group>";
		};
		3D0248CD2A56C8C700F0E591 /* Domain */ = {
			isa = PBXGroup;
			children = (
				3D0248E52A56CEF300F0E591 /* Interfaces */,
				3D0248E42A56CEEC00F0E591 /* UseCases */,
				3D0248E32A56CEE600F0E591 /* Entities */,
			);
			path = Domain;
			sourceTree = "<group>";
		};
		3D0248CE2A56C8CF00F0E591 /* Data */ = {
			isa = PBXGroup;
			children = (
				3D0249542A5AC45C00F0E591 /* DTOs */,
				3D0249502A5AC3E700F0E591 /* DataSources */,
				3D02494D2A5AC35200F0E591 /* Endpoints */,
				3D0248F32A56D46A00F0E591 /* ObjectMappers */,
				3D0248F02A56D3B900F0E591 /* API */,
				3D0248ED2A56D38F00F0E591 /* Repositories */,
			);
			path = Data;
			sourceTree = "<group>";
		};
		3D0248CF2A56C8D400F0E591 /* Infrastructure */ = {
			isa = PBXGroup;
			children = (
				3D0249632A5AC7AD00F0E591 /* ImageLoader */,
				3D0249462A5AC26900F0E591 /* Common */,
				3D0248F62A56D4F200F0E591 /* Networking */,
			);
			path = Infrastructure;
			sourceTree = "<group>";
		};
		3D0248D02A56C8EC00F0E591 /* Scenes */ = {
			isa = PBXGroup;
			children = (
				3D0248D12A56C8F300F0E591 /* SearchMusic */,
			);
			path = Scenes;
			sourceTree = "<group>";
		};
		3D0248D12A56C8F300F0E591 /* SearchMusic */ = {
			isa = PBXGroup;
			children = (
				3D0248D52A56CBF400F0E591 /* ResultsList */,
			);
			path = SearchMusic;
			sourceTree = "<group>";
		};
		3D0248D22A56C90100F0E591 /* Views */ = {
			isa = PBXGroup;
			children = (
				3D02498C2A5D381B00F0E591 /* DetailView */,
				3D0248D92A56CC6E00F0E591 /* TableView */,
				3D0248D62A56CC4100F0E591 /* SearchResultsListViewController.swift */,
			);
			path = Views;
			sourceTree = "<group>";
		};
		3D0248D32A56C90600F0E591 /* ViewModels */ = {
			isa = PBXGroup;
			children = (
				3D0248E12A56CE8000F0E591 /* SearchResultsListViewModel.swift */,
				3D0249422A5ABF7A00F0E591 /* SearchResultsListItemViewModel.swift */,
				3D02498F2A5D3C4100F0E591 /* SongDetailViewModel.swift */,
			);
			path = ViewModels;
			sourceTree = "<group>";
		};
		3D0248D52A56CBF400F0E591 /* ResultsList */ = {
			isa = PBXGroup;
			children = (
				3D0248D32A56C90600F0E591 /* ViewModels */,
				3D0248D22A56C90100F0E591 /* Views */,
			);
			path = ResultsList;
			sourceTree = "<group>";
		};
		3D0248D82A56CC5C00F0E591 /* Util */ = {
			isa = PBXGroup;
			children = (
				3D0249042A57DD7D00F0E591 /* String+Localizable.swift */,
				3D0249062A57EE1300F0E591 /* FontUtility.swift */,
				3D0249442A5AC06D00F0E591 /* UIViewController+Extension.swift */,
				3D0249692A5ACAAC00F0E591 /* UIView+Extension.swift */,
			);
			path = Util;
			sourceTree = "<group>";
		};
		3D0248D92A56CC6E00F0E591 /* TableView */ = {
			isa = PBXGroup;
			children = (
				3D0248DE2A56CE0900F0E591 /* Cells */,
			);
			path = TableView;
			sourceTree = "<group>";
		};
		3D0248DE2A56CE0900F0E591 /* Cells */ = {
			isa = PBXGroup;
			children = (
				3D0248DF2A56CE2500F0E591 /* SearchResultsTableViewCell.swift */,
			);
			path = Cells;
			sourceTree = "<group>";
		};
		3D0248E32A56CEE600F0E591 /* Entities */ = {
			isa = PBXGroup;
			children = (
				3D0248E72A56CF7F00F0E591 /* Song.swift */,
			);
			path = Entities;
			sourceTree = "<group>";
		};
		3D0248E42A56CEEC00F0E591 /* UseCases */ = {
			isa = PBXGroup;
			children = (
				3D0248E92A56CFE500F0E591 /* SearchSongsUseCase.swift */,
				3D0249402A5ABE0000F0E591 /* FetchImageUseCase.swift */,
			);
			path = UseCases;
			sourceTree = "<group>";
		};
		3D0248E52A56CEF300F0E591 /* Interfaces */ = {
			isa = PBXGroup;
			children = (
				3D0248E62A56CEFA00F0E591 /* Repositories */,
			);
			path = Interfaces;
			sourceTree = "<group>";
		};
		3D0248E62A56CEFA00F0E591 /* Repositories */ = {
			isa = PBXGroup;
			children = (
				3D0248EB2A56D33800F0E591 /* SearchRepository.swift */,
				3D02495B2A5AC6B000F0E591 /* ImageRepository.swift */,
			);
			path = Repositories;
			sourceTree = "<group>";
		};
		3D0248ED2A56D38F00F0E591 /* Repositories */ = {
			isa = PBXGroup;
			children = (
				3D0248EE2A56D39E00F0E591 /* StandardSearchRepository.swift */,
				3D02495D2A5AC70D00F0E591 /* StandardImageRepository.swift */,
			);
			path = Repositories;
			sourceTree = "<group>";
		};
		3D0248F02A56D3B900F0E591 /* API */ = {
			isa = PBXGroup;
			children = (
				3D0248F12A56D3D100F0E591 /* APIEndpoints.swift */,
			);
			path = API;
			sourceTree = "<group>";
		};
		3D0248F32A56D46A00F0E591 /* ObjectMappers */ = {
			isa = PBXGroup;
			children = (
				3D0248F42A56D48500F0E591 /* SearchResultDTO+Mapping.swift */,
			);
			path = ObjectMappers;
			sourceTree = "<group>";
		};
		3D0248F62A56D4F200F0E591 /* Networking */ = {
			isa = PBXGroup;
			children = (
				3D0249482A5AC27E00F0E591 /* Protocols */,
				3D0249472A5AC27400F0E591 /* Errors */,
				3D0248F72A56D4FA00F0E591 /* HTTPClient */,
			);
			path = Networking;
			sourceTree = "<group>";
		};
		3D0248F72A56D4FA00F0E591 /* HTTPClient */ = {
			isa = PBXGroup;
			children = (
				3D0248F82A56D55E00F0E591 /* HTTPClient.swift */,
				3D0248FA2A56D57000F0E591 /* URLSessionHTTPClient.swift */,
			);
			path = HTTPClient;
			sourceTree = "<group>";
		};
		3D02493D2A5ABCAD00F0E591 /* Common */ = {
			isa = PBXGroup;
			children = (
				3D02493E2A5ABCC100F0E591 /* BaseViewController.swift */,
			);
			path = Common;
			sourceTree = "<group>";
		};
		3D0249462A5AC26900F0E591 /* Common */ = {
			isa = PBXGroup;
			children = (
			);
			path = Common;
			sourceTree = "<group>";
		};
		3D0249472A5AC27400F0E591 /* Errors */ = {
			isa = PBXGroup;
			children = (
				3D0249492A5AC29300F0E591 /* NetworkError.swift */,
			);
			path = Errors;
			sourceTree = "<group>";
		};
		3D0249482A5AC27E00F0E591 /* Protocols */ = {
			isa = PBXGroup;
			children = (
				3D02494B2A5AC2CC00F0E591 /* APIEndpoint.swift */,
			);
			path = Protocols;
			sourceTree = "<group>";
		};
		3D02494D2A5AC35200F0E591 /* Endpoints */ = {
			isa = PBXGroup;
			children = (
				3D02494E2A5AC36300F0E591 /* MusicSearchAPIEndpoint.swift */,
			);
			path = Endpoints;
			sourceTree = "<group>";
		};
		3D0249502A5AC3E700F0E591 /* DataSources */ = {
			isa = PBXGroup;
			children = (
				3D0249512A5AC3EE00F0E591 /* Protocols */,
				3D0249592A5AC4D500F0E591 /* StandardAPIDataSource.swift */,
				3D0249612A5AC73900F0E591 /* StandardImageDataSource.swift */,
			);
			path = DataSources;
			sourceTree = "<group>";
		};
		3D0249512A5AC3EE00F0E591 /* Protocols */ = {
			isa = PBXGroup;
			children = (
				3D0249522A5AC3FB00F0E591 /* APIDataSource.swift */,
				3D02495F2A5AC72200F0E591 /* ImageDataSource.swift */,
			);
			path = Protocols;
			sourceTree = "<group>";
		};
		3D0249542A5AC45C00F0E591 /* DTOs */ = {
			isa = PBXGroup;
			children = (
				3D0249552A5AC46900F0E591 /* SearchResultDTO.swift */,
				3D0249572A5AC48100F0E591 /* SearchResponse.swift */,
			);
			path = DTOs;
			sourceTree = "<group>";
		};
		3D0249632A5AC7AD00F0E591 /* ImageLoader */ = {
			isa = PBXGroup;
			children = (
				3D0249662A5AC7C700F0E591 /* Protocols */,
				3D0249642A5AC7BC00F0E591 /* ImageLoader.swift */,
			);
			path = ImageLoader;
			sourceTree = "<group>";
		};
		3D0249662A5AC7C700F0E591 /* Protocols */ = {
			isa = PBXGroup;
			children = (
				3D0249672A5AC7D200F0E591 /* ImageFetchable.swift */,
			);
			path = Protocols;
			sourceTree = "<group>";
		};
		3D02496B2A5ACC3800F0E591 /* DI */ = {
			isa = PBXGroup;
			children = (
				3D02496E2A5ACC8D00F0E591 /* Scenes */,
				3D02496C2A5ACC4C00F0E591 /* AppDIContainer.swift */,
			);
			path = DI;
			sourceTree = "<group>";
		};
		3D02496E2A5ACC8D00F0E591 /* Scenes */ = {
			isa = PBXGroup;
			children = (
				3D02496F2A5ACC9300F0E591 /* SearchMusic */,
			);
			path = Scenes;
			sourceTree = "<group>";
		};
		3D02496F2A5ACC9300F0E591 /* SearchMusic */ = {
			isa = PBXGroup;
			children = (
				3D0249702A5ACCB000F0E591 /* SearchMusicFlowDependencyProviding.swift */,
				3D0249722A5ACCF200F0E591 /* SearchMusicSceneDIContainer.swift */,
			);
			path = SearchMusic;
			sourceTree = "<group>";
		};
		3D0249742A5ACDAC00F0E591 /* FlowCoordinators */ = {
			isa = PBXGroup;
			children = (
				3D0249772A5ACFFC00F0E591 /* Scenes */,
				3D0249752A5ACDC200F0E591 /* AppFlowCoordinator.swift */,
			);
			path = FlowCoordinators;
			sourceTree = "<group>";
		};
		3D0249772A5ACFFC00F0E591 /* Scenes */ = {
			isa = PBXGroup;
			children = (
				3D0249782A5AD00200F0E591 /* SearchMusic */,
			);
			path = Scenes;
			sourceTree = "<group>";
		};
		3D0249782A5AD00200F0E591 /* SearchMusic */ = {
			isa = PBXGroup;
			children = (
				3D0248DC2A56CD8400F0E591 /* SearchMusicFlowCoordinator.swift */,
			);
			path = SearchMusic;
			sourceTree = "<group>";
		};
		3D0249792A5AD6DC00F0E591 /* ViewModelTests */ = {
			isa = PBXGroup;
			children = (
				3D02498A2A5C04C000F0E591 /* SearchResultsListViewModelTests.swift */,
			);
			path = ViewModelTests;
			sourceTree = "<group>";
		};
		3D02497A2A5AD6EA00F0E591 /* DataSourceTests */ = {
			isa = PBXGroup;
			children = (
				3D0249882A5BA3B600F0E591 /* StandardAPIDataSourceTests.swift */,
			);
			path = DataSourceTests;
			sourceTree = "<group>";
		};
		3D02497B2A5AE9DB00F0E591 /* Helpers */ = {
			isa = PBXGroup;
			children = (
				3D0249822A5AF37600F0E591 /* Mocks.swift */,
				3D0249862A5B9DF500F0E591 /* XCTest+Extension.swift */,
			);
			path = Helpers;
			sourceTree = "<group>";
		};
		3D02497C2A5AEA5C00F0E591 /* RepositoryTests */ = {
			isa = PBXGroup;
			children = (
				3D0249802A5AEBC800F0E591 /* SearchRepositoryTests.swift */,
			);
			path = RepositoryTests;
			sourceTree = "<group>";
		};
		3D02497D2A5AEA7100F0E591 /* InfrastructureTests */ = {
			isa = PBXGroup;
			children = (
				3D0249842A5AF3AD00F0E591 /* URLSessionHTTPClientTests.swift */,
			);
			path = InfrastructureTests;
			sourceTree = "<group>";
		};
		3D02498C2A5D381B00F0E591 /* DetailView */ = {
			isa = PBXGroup;
			children = (
				3D02498D2A5D383200F0E591 /* SongDetailView.swift */,
			);
			path = DetailView;
			sourceTree = "<group>";
		};
/* End PBXGroup section */

/* Begin PBXNativeTarget section */
		3D0248972A56C76E00F0E591 /* iTunesSearchApp */ = {
			isa = PBXNativeTarget;
			buildConfigurationList = 3D0248C22A56C76F00F0E591 /* Build configuration list for PBXNativeTarget "iTunesSearchApp" */;
			buildPhases = (
				3D0248942A56C76E00F0E591 /* Sources */,
				3D0248952A56C76E00F0E591 /* Frameworks */,
				3D0248962A56C76E00F0E591 /* Resources */,
			);
			buildRules = (
			);
			dependencies = (
			);
			name = iTunesSearchApp;
			productName = iTunesSearchApp;
			productReference = 3D0248982A56C76E00F0E591 /* iTunesSearchApp.app */;
			productType = "com.apple.product-type.application";
		};
		3D0248AD2A56C76F00F0E591 /* iTunesSearchAppTests */ = {
			isa = PBXNativeTarget;
			buildConfigurationList = 3D0248C52A56C76F00F0E591 /* Build configuration list for PBXNativeTarget "iTunesSearchAppTests" */;
			buildPhases = (
				3D0248AA2A56C76F00F0E591 /* Sources */,
				3D0248AB2A56C76F00F0E591 /* Frameworks */,
				3D0248AC2A56C76F00F0E591 /* Resources */,
			);
			buildRules = (
			);
			dependencies = (
				3D0248B02A56C76F00F0E591 /* PBXTargetDependency */,
			);
			name = iTunesSearchAppTests;
			productName = iTunesSearchAppTests;
			productReference = 3D0248AE2A56C76F00F0E591 /* iTunesSearchAppTests.xctest */;
			productType = "com.apple.product-type.bundle.unit-test";
		};
		3D0248B72A56C76F00F0E591 /* iTunesSearchAppUITests */ = {
			isa = PBXNativeTarget;
			buildConfigurationList = 3D0248C82A56C76F00F0E591 /* Build configuration list for PBXNativeTarget "iTunesSearchAppUITests" */;
			buildPhases = (
				3D0248B42A56C76F00F0E591 /* Sources */,
				3D0248B52A56C76F00F0E591 /* Frameworks */,
				3D0248B62A56C76F00F0E591 /* Resources */,
			);
			buildRules = (
			);
			dependencies = (
				3D0248BA2A56C76F00F0E591 /* PBXTargetDependency */,
			);
			name = iTunesSearchAppUITests;
			productName = iTunesSearchAppUITests;
			productReference = 3D0248B82A56C76F00F0E591 /* iTunesSearchAppUITests.xctest */;
			productType = "com.apple.product-type.bundle.ui-testing";
		};
/* End PBXNativeTarget section */

/* Begin PBXProject section */
		3D0248902A56C76E00F0E591 /* Project object */ = {
			isa = PBXProject;
			attributes = {
				BuildIndependentTargetsInParallel = 1;
				LastSwiftUpdateCheck = 1420;
				LastUpgradeCheck = 1420;
				TargetAttributes = {
					3D0248972A56C76E00F0E591 = {
						CreatedOnToolsVersion = 14.2;
					};
					3D0248AD2A56C76F00F0E591 = {
						CreatedOnToolsVersion = 14.2;
						TestTargetID = 3D0248972A56C76E00F0E591;
					};
					3D0248B72A56C76F00F0E591 = {
						CreatedOnToolsVersion = 14.2;
						TestTargetID = 3D0248972A56C76E00F0E591;
					};
				};
			};
			buildConfigurationList = 3D0248932A56C76E00F0E591 /* Build configuration list for PBXProject "iTunesSearchApp" */;
			compatibilityVersion = "Xcode 14.0";
			developmentRegion = en;
			hasScannedForEncodings = 0;
			knownRegions = (
				en,
				Base,
			);
			mainGroup = 3D02488F2A56C76E00F0E591;
			productRefGroup = 3D0248992A56C76E00F0E591 /* Products */;
			projectDirPath = "";
			projectRoot = "";
			targets = (
				3D0248972A56C76E00F0E591 /* iTunesSearchApp */,
				3D0248AD2A56C76F00F0E591 /* iTunesSearchAppTests */,
				3D0248B72A56C76F00F0E591 /* iTunesSearchAppUITests */,
			);
		};
/* End PBXProject section */

/* Begin PBXResourcesBuildPhase section */
		3D0248962A56C76E00F0E591 /* Resources */ = {
			isa = PBXResourcesBuildPhase;
			buildActionMask = 2147483647;
			files = (
				3D0248A82A56C76F00F0E591 /* LaunchScreen.storyboard in Resources */,
				3D0249012A57DCE700F0E591 /* Localizable.strings in Resources */,
				3D0248A52A56C76F00F0E591 /* Assets.xcassets in Resources */,
				3D0248A32A56C76E00F0E591 /* Main.storyboard in Resources */,
			);
			runOnlyForDeploymentPostprocessing = 0;
		};
		3D0248AC2A56C76F00F0E591 /* Resources */ = {
			isa = PBXResourcesBuildPhase;
			buildActionMask = 2147483647;
			files = (
			);
			runOnlyForDeploymentPostprocessing = 0;
		};
		3D0248B62A56C76F00F0E591 /* Resources */ = {
			isa = PBXResourcesBuildPhase;
			buildActionMask = 2147483647;
			files = (
			);
			runOnlyForDeploymentPostprocessing = 0;
		};
/* End PBXResourcesBuildPhase section */

/* Begin PBXSourcesBuildPhase section */
		3D0248942A56C76E00F0E591 /* Sources */ = {
			isa = PBXSourcesBuildPhase;
			buildActionMask = 2147483647;
			files = (
				3D0248E82A56CF7F00F0E591 /* Song.swift in Sources */,
				3D02495C2A5AC6B000F0E591 /* ImageRepository.swift in Sources */,
				3D02494F2A5AC36300F0E591 /* MusicSearchAPIEndpoint.swift in Sources */,
				3D0248D72A56CC4100F0E591 /* SearchResultsListViewController.swift in Sources */,
				3D02494C2A5AC2CC00F0E591 /* APIEndpoint.swift in Sources */,
				3D0249732A5ACCF200F0E591 /* SearchMusicSceneDIContainer.swift in Sources */,
				3D0249652A5AC7BC00F0E591 /* ImageLoader.swift in Sources */,
				3D0248EC2A56D33800F0E591 /* SearchRepository.swift in Sources */,
				3D0248A02A56C76E00F0E591 /* ViewController.swift in Sources */,
				3D02496D2A5ACC4C00F0E591 /* AppDIContainer.swift in Sources */,
				3D02496A2A5ACAAC00F0E591 /* UIView+Extension.swift in Sources */,
				3D02489C2A56C76E00F0E591 /* AppDelegate.swift in Sources */,
				3D02493F2A5ABCC100F0E591 /* BaseViewController.swift in Sources */,
				3D0249682A5AC7D200F0E591 /* ImageFetchable.swift in Sources */,
				3D0249762A5ACDC200F0E591 /* AppFlowCoordinator.swift in Sources */,
				3D0249712A5ACCB000F0E591 /* SearchMusicFlowDependencyProviding.swift in Sources */,
				3D0249452A5AC06D00F0E591 /* UIViewController+Extension.swift in Sources */,
				3D0249602A5AC72200F0E591 /* ImageDataSource.swift in Sources */,
				3D0248DD2A56CD8400F0E591 /* SearchMusicFlowCoordinator.swift in Sources */,
				3D0248E02A56CE2500F0E591 /* SearchResultsTableViewCell.swift in Sources */,
				3D02494A2A5AC29300F0E591 /* NetworkError.swift in Sources */,
				3D0249412A5ABE0000F0E591 /* FetchImageUseCase.swift in Sources */,
				3D0249582A5AC48100F0E591 /* SearchResponse.swift in Sources */,
				3D0249052A57DD7D00F0E591 /* String+Localizable.swift in Sources */,
				3D0249432A5ABF7A00F0E591 /* SearchResultsListItemViewModel.swift in Sources */,
				3D02495A2A5AC4D500F0E591 /* StandardAPIDataSource.swift in Sources */,
				3D02495E2A5AC70D00F0E591 /* StandardImageRepository.swift in Sources */,
				3D0248F22A56D3D100F0E591 /* APIEndpoints.swift in Sources */,
				3D0249072A57EE1300F0E591 /* FontUtility.swift in Sources */,
				3D0248EF2A56D39E00F0E591 /* StandardSearchRepository.swift in Sources */,
				3D0249622A5AC73900F0E591 /* StandardImageDataSource.swift in Sources */,
				3D0249562A5AC46900F0E591 /* SearchResultDTO.swift in Sources */,
				3D0248E22A56CE8000F0E591 /* SearchResultsListViewModel.swift in Sources */,
				3D0249532A5AC3FB00F0E591 /* APIDataSource.swift in Sources */,
				3D0248FB2A56D57000F0E591 /* URLSessionHTTPClient.swift in Sources */,
				3D0248F92A56D55E00F0E591 /* HTTPClient.swift in Sources */,
				3D0249902A5D3C4100F0E591 /* SongDetailViewModel.swift in Sources */,
				3D02498E2A5D383200F0E591 /* SongDetailView.swift in Sources */,
				3D0248F52A56D48500F0E591 /* SearchResultDTO+Mapping.swift in Sources */,
				3D0248EA2A56CFE500F0E591 /* SearchSongsUseCase.swift in Sources */,
				3D02489E2A56C76E00F0E591 /* SceneDelegate.swift in Sources */,
			);
			runOnlyForDeploymentPostprocessing = 0;
		};
		3D0248AA2A56C76F00F0E591 /* Sources */ = {
			isa = PBXSourcesBuildPhase;
			buildActionMask = 2147483647;
			files = (
				3D0249812A5AEBC800F0E591 /* SearchRepositoryTests.swift in Sources */,
				3D0249872A5B9DF500F0E591 /* XCTest+Extension.swift in Sources */,
				3D02498B2A5C04C000F0E591 /* SearchResultsListViewModelTests.swift in Sources */,
				3D0249892A5BA3B600F0E591 /* StandardAPIDataSourceTests.swift in Sources */,
				3D0249852A5AF3AD00F0E591 /* URLSessionHTTPClientTests.swift in Sources */,
				3D0248B32A56C76F00F0E591 /* iTunesSearchAppTests.swift in Sources */,
				3D0249832A5AF37600F0E591 /* Mocks.swift in Sources */,
			);
			runOnlyForDeploymentPostprocessing = 0;
		};
		3D0248B42A56C76F00F0E591 /* Sources */ = {
			isa = PBXSourcesBuildPhase;
			buildActionMask = 2147483647;
			files = (
				3D0248BF2A56C76F00F0E591 /* iTunesSearchAppUITestsLaunchTests.swift in Sources */,
				3D0248BD2A56C76F00F0E591 /* iTunesSearchAppUITests.swift in Sources */,
			);
			runOnlyForDeploymentPostprocessing = 0;
		};
/* End PBXSourcesBuildPhase section */

/* Begin PBXTargetDependency section */
		3D0248B02A56C76F00F0E591 /* PBXTargetDependency */ = {
			isa = PBXTargetDependency;
			target = 3D0248972A56C76E00F0E591 /* iTunesSearchApp */;
			targetProxy = 3D0248AF2A56C76F00F0E591 /* PBXContainerItemProxy */;
		};
		3D0248BA2A56C76F00F0E591 /* PBXTargetDependency */ = {
			isa = PBXTargetDependency;
			target = 3D0248972A56C76E00F0E591 /* iTunesSearchApp */;
			targetProxy = 3D0248B92A56C76F00F0E591 /* PBXContainerItemProxy */;
		};
/* End PBXTargetDependency section */

/* Begin PBXVariantGroup section */
		3D0248A12A56C76E00F0E591 /* Main.storyboard */ = {
			isa = PBXVariantGroup;
			children = (
				3D0248A22A56C76E00F0E591 /* Base */,
			);
			name = Main.storyboard;
			sourceTree = "<group>";
		};
		3D0248A62A56C76F00F0E591 /* LaunchScreen.storyboard */ = {
			isa = PBXVariantGroup;
			children = (
				3D0248A72A56C76F00F0E591 /* Base */,
			);
			name = LaunchScreen.storyboard;
			sourceTree = "<group>";
		};
		3D0249032A57DCE700F0E591 /* Localizable.strings */ = {
			isa = PBXVariantGroup;
			children = (
				3D0249022A57DCE700F0E591 /* en */,
			);
			name = Localizable.strings;
			sourceTree = "<group>";
		};
/* End PBXVariantGroup section */

/* Begin XCBuildConfiguration section */
		3D0248C02A56C76F00F0E591 /* Debug */ = {
			isa = XCBuildConfiguration;
			buildSettings = {
				ALWAYS_SEARCH_USER_PATHS = NO;
				CLANG_ANALYZER_LOCALIZABILITY_NONLOCALIZED = YES;
				CLANG_ANALYZER_NONNULL = YES;
				CLANG_ANALYZER_NUMBER_OBJECT_CONVERSION = YES_AGGRESSIVE;
				CLANG_CXX_LANGUAGE_STANDARD = "gnu++20";
				CLANG_ENABLE_MODULES = YES;
				CLANG_ENABLE_OBJC_ARC = YES;
				CLANG_ENABLE_OBJC_WEAK = YES;
				CLANG_WARN_BLOCK_CAPTURE_AUTORELEASING = YES;
				CLANG_WARN_BOOL_CONVERSION = YES;
				CLANG_WARN_COMMA = YES;
				CLANG_WARN_CONSTANT_CONVERSION = YES;
				CLANG_WARN_DEPRECATED_OBJC_IMPLEMENTATIONS = YES;
				CLANG_WARN_DIRECT_OBJC_ISA_USAGE = YES_ERROR;
				CLANG_WARN_DOCUMENTATION_COMMENTS = YES;
				CLANG_WARN_EMPTY_BODY = YES;
				CLANG_WARN_ENUM_CONVERSION = YES;
				CLANG_WARN_INFINITE_RECURSION = YES;
				CLANG_WARN_INT_CONVERSION = YES;
				CLANG_WARN_NON_LITERAL_NULL_CONVERSION = YES;
				CLANG_WARN_OBJC_IMPLICIT_RETAIN_SELF = YES;
				CLANG_WARN_OBJC_LITERAL_CONVERSION = YES;
				CLANG_WARN_OBJC_ROOT_CLASS = YES_ERROR;
				CLANG_WARN_QUOTED_INCLUDE_IN_FRAMEWORK_HEADER = YES;
				CLANG_WARN_RANGE_LOOP_ANALYSIS = YES;
				CLANG_WARN_STRICT_PROTOTYPES = YES;
				CLANG_WARN_SUSPICIOUS_MOVE = YES;
				CLANG_WARN_UNGUARDED_AVAILABILITY = YES_AGGRESSIVE;
				CLANG_WARN_UNREACHABLE_CODE = YES;
				CLANG_WARN__DUPLICATE_METHOD_MATCH = YES;
				COPY_PHASE_STRIP = NO;
				DEBUG_INFORMATION_FORMAT = dwarf;
				ENABLE_STRICT_OBJC_MSGSEND = YES;
				ENABLE_TESTABILITY = YES;
				GCC_C_LANGUAGE_STANDARD = gnu11;
				GCC_DYNAMIC_NO_PIC = NO;
				GCC_NO_COMMON_BLOCKS = YES;
				GCC_OPTIMIZATION_LEVEL = 0;
				GCC_PREPROCESSOR_DEFINITIONS = (
					"DEBUG=1",
					"$(inherited)",
				);
				GCC_WARN_64_TO_32_BIT_CONVERSION = YES;
				GCC_WARN_ABOUT_RETURN_TYPE = YES_ERROR;
				GCC_WARN_UNDECLARED_SELECTOR = YES;
				GCC_WARN_UNINITIALIZED_AUTOS = YES_AGGRESSIVE;
				GCC_WARN_UNUSED_FUNCTION = YES;
				GCC_WARN_UNUSED_VARIABLE = YES;
				IPHONEOS_DEPLOYMENT_TARGET = 16.2;
				MTL_ENABLE_DEBUG_INFO = INCLUDE_SOURCE;
				MTL_FAST_MATH = YES;
				ONLY_ACTIVE_ARCH = YES;
				SDKROOT = iphoneos;
				SWIFT_ACTIVE_COMPILATION_CONDITIONS = DEBUG;
				SWIFT_OPTIMIZATION_LEVEL = "-Onone";
			};
			name = Debug;
		};
		3D0248C12A56C76F00F0E591 /* Release */ = {
			isa = XCBuildConfiguration;
			buildSettings = {
				ALWAYS_SEARCH_USER_PATHS = NO;
				CLANG_ANALYZER_LOCALIZABILITY_NONLOCALIZED = YES;
				CLANG_ANALYZER_NONNULL = YES;
				CLANG_ANALYZER_NUMBER_OBJECT_CONVERSION = YES_AGGRESSIVE;
				CLANG_CXX_LANGUAGE_STANDARD = "gnu++20";
				CLANG_ENABLE_MODULES = YES;
				CLANG_ENABLE_OBJC_ARC = YES;
				CLANG_ENABLE_OBJC_WEAK = YES;
				CLANG_WARN_BLOCK_CAPTURE_AUTORELEASING = YES;
				CLANG_WARN_BOOL_CONVERSION = YES;
				CLANG_WARN_COMMA = YES;
				CLANG_WARN_CONSTANT_CONVERSION = YES;
				CLANG_WARN_DEPRECATED_OBJC_IMPLEMENTATIONS = YES;
				CLANG_WARN_DIRECT_OBJC_ISA_USAGE = YES_ERROR;
				CLANG_WARN_DOCUMENTATION_COMMENTS = YES;
				CLANG_WARN_EMPTY_BODY = YES;
				CLANG_WARN_ENUM_CONVERSION = YES;
				CLANG_WARN_INFINITE_RECURSION = YES;
				CLANG_WARN_INT_CONVERSION = YES;
				CLANG_WARN_NON_LITERAL_NULL_CONVERSION = YES;
				CLANG_WARN_OBJC_IMPLICIT_RETAIN_SELF = YES;
				CLANG_WARN_OBJC_LITERAL_CONVERSION = YES;
				CLANG_WARN_OBJC_ROOT_CLASS = YES_ERROR;
				CLANG_WARN_QUOTED_INCLUDE_IN_FRAMEWORK_HEADER = YES;
				CLANG_WARN_RANGE_LOOP_ANALYSIS = YES;
				CLANG_WARN_STRICT_PROTOTYPES = YES;
				CLANG_WARN_SUSPICIOUS_MOVE = YES;
				CLANG_WARN_UNGUARDED_AVAILABILITY = YES_AGGRESSIVE;
				CLANG_WARN_UNREACHABLE_CODE = YES;
				CLANG_WARN__DUPLICATE_METHOD_MATCH = YES;
				COPY_PHASE_STRIP = NO;
				DEBUG_INFORMATION_FORMAT = "dwarf-with-dsym";
				ENABLE_NS_ASSERTIONS = NO;
				ENABLE_STRICT_OBJC_MSGSEND = YES;
				GCC_C_LANGUAGE_STANDARD = gnu11;
				GCC_NO_COMMON_BLOCKS = YES;
				GCC_WARN_64_TO_32_BIT_CONVERSION = YES;
				GCC_WARN_ABOUT_RETURN_TYPE = YES_ERROR;
				GCC_WARN_UNDECLARED_SELECTOR = YES;
				GCC_WARN_UNINITIALIZED_AUTOS = YES_AGGRESSIVE;
				GCC_WARN_UNUSED_FUNCTION = YES;
				GCC_WARN_UNUSED_VARIABLE = YES;
				IPHONEOS_DEPLOYMENT_TARGET = 16.2;
				MTL_ENABLE_DEBUG_INFO = NO;
				MTL_FAST_MATH = YES;
				SDKROOT = iphoneos;
				SWIFT_COMPILATION_MODE = wholemodule;
				SWIFT_OPTIMIZATION_LEVEL = "-O";
				VALIDATE_PRODUCT = YES;
			};
			name = Release;
		};
		3D0248C32A56C76F00F0E591 /* Debug */ = {
			isa = XCBuildConfiguration;
			buildSettings = {
				ASSETCATALOG_COMPILER_APPICON_NAME = AppIcon;
				ASSETCATALOG_COMPILER_GLOBAL_ACCENT_COLOR_NAME = AccentColor;
				CODE_SIGN_STYLE = Automatic;
				CURRENT_PROJECT_VERSION = 1;
				DEVELOPMENT_TEAM = RYD4U9GKCK;
				GENERATE_INFOPLIST_FILE = YES;
				INFOPLIST_FILE = iTunesSearchApp/Info.plist;
				INFOPLIST_KEY_UIApplicationSupportsIndirectInputEvents = YES;
				INFOPLIST_KEY_UILaunchStoryboardName = LaunchScreen;
				INFOPLIST_KEY_UIMainStoryboardFile = Main;
				INFOPLIST_KEY_UISupportedInterfaceOrientations = UIInterfaceOrientationPortrait;
				IPHONEOS_DEPLOYMENT_TARGET = 15.0;
				LD_RUNPATH_SEARCH_PATHS = (
					"$(inherited)",
					"@executable_path/Frameworks",
				);
				MARKETING_VERSION = 1.0;
				PRODUCT_BUNDLE_IDENTIFIER = com.mahesh.itunesSearchApp.iTunesSearchApp;
				PRODUCT_NAME = "$(TARGET_NAME)";
				SWIFT_EMIT_LOC_STRINGS = YES;
				SWIFT_VERSION = 5.0;
				TARGETED_DEVICE_FAMILY = "1,2";
			};
			name = Debug;
		};
		3D0248C42A56C76F00F0E591 /* Release */ = {
			isa = XCBuildConfiguration;
			buildSettings = {
				ASSETCATALOG_COMPILER_APPICON_NAME = AppIcon;
				ASSETCATALOG_COMPILER_GLOBAL_ACCENT_COLOR_NAME = AccentColor;
				CODE_SIGN_STYLE = Automatic;
				CURRENT_PROJECT_VERSION = 1;
				DEVELOPMENT_TEAM = RYD4U9GKCK;
				GENERATE_INFOPLIST_FILE = YES;
				INFOPLIST_FILE = iTunesSearchApp/Info.plist;
				INFOPLIST_KEY_UIApplicationSupportsIndirectInputEvents = YES;
				INFOPLIST_KEY_UILaunchStoryboardName = LaunchScreen;
				INFOPLIST_KEY_UIMainStoryboardFile = Main;
				INFOPLIST_KEY_UISupportedInterfaceOrientations = UIInterfaceOrientationPortrait;
				IPHONEOS_DEPLOYMENT_TARGET = 15.0;
				LD_RUNPATH_SEARCH_PATHS = (
					"$(inherited)",
					"@executable_path/Frameworks",
				);
				MARKETING_VERSION = 1.0;
				PRODUCT_BUNDLE_IDENTIFIER = com.mahesh.itunesSearchApp.iTunesSearchApp;
				PRODUCT_NAME = "$(TARGET_NAME)";
				SWIFT_EMIT_LOC_STRINGS = YES;
				SWIFT_VERSION = 5.0;
				TARGETED_DEVICE_FAMILY = "1,2";
			};
			name = Release;
		};
		3D0248C62A56C76F00F0E591 /* Debug */ = {
			isa = XCBuildConfiguration;
			buildSettings = {
				ALWAYS_EMBED_SWIFT_STANDARD_LIBRARIES = YES;
				BUNDLE_LOADER = "$(TEST_HOST)";
				CODE_SIGN_STYLE = Automatic;
				CURRENT_PROJECT_VERSION = 1;
				DEVELOPMENT_TEAM = RYD4U9GKCK;
				GENERATE_INFOPLIST_FILE = YES;
				IPHONEOS_DEPLOYMENT_TARGET = 16.2;
				MARKETING_VERSION = 1.0;
				PRODUCT_BUNDLE_IDENTIFIER = com.mahesh.itunesSearchApp.iTunesSearchAppTests;
				PRODUCT_NAME = "$(TARGET_NAME)";
				SWIFT_EMIT_LOC_STRINGS = NO;
				SWIFT_VERSION = 5.0;
				TARGETED_DEVICE_FAMILY = "1,2";
				TEST_HOST = "$(BUILT_PRODUCTS_DIR)/iTunesSearchApp.app/$(BUNDLE_EXECUTABLE_FOLDER_PATH)/iTunesSearchApp";
			};
			name = Debug;
		};
		3D0248C72A56C76F00F0E591 /* Release */ = {
			isa = XCBuildConfiguration;
			buildSettings = {
				ALWAYS_EMBED_SWIFT_STANDARD_LIBRARIES = YES;
				BUNDLE_LOADER = "$(TEST_HOST)";
				CODE_SIGN_STYLE = Automatic;
				CURRENT_PROJECT_VERSION = 1;
				DEVELOPMENT_TEAM = RYD4U9GKCK;
				GENERATE_INFOPLIST_FILE = YES;
				IPHONEOS_DEPLOYMENT_TARGET = 16.2;
				MARKETING_VERSION = 1.0;
				PRODUCT_BUNDLE_IDENTIFIER = com.mahesh.itunesSearchApp.iTunesSearchAppTests;
				PRODUCT_NAME = "$(TARGET_NAME)";
				SWIFT_EMIT_LOC_STRINGS = NO;
				SWIFT_VERSION = 5.0;
				TARGETED_DEVICE_FAMILY = "1,2";
				TEST_HOST = "$(BUILT_PRODUCTS_DIR)/iTunesSearchApp.app/$(BUNDLE_EXECUTABLE_FOLDER_PATH)/iTunesSearchApp";
			};
			name = Release;
		};
		3D0248C92A56C76F00F0E591 /* Debug */ = {
			isa = XCBuildConfiguration;
			buildSettings = {
				ALWAYS_EMBED_SWIFT_STANDARD_LIBRARIES = YES;
				CODE_SIGN_STYLE = Automatic;
				CURRENT_PROJECT_VERSION = 1;
				DEVELOPMENT_TEAM = RYD4U9GKCK;
				GENERATE_INFOPLIST_FILE = YES;
				MARKETING_VERSION = 1.0;
				PRODUCT_BUNDLE_IDENTIFIER = com.mahesh.itunesSearchApp.iTunesSearchAppUITests;
				PRODUCT_NAME = "$(TARGET_NAME)";
				SWIFT_EMIT_LOC_STRINGS = NO;
				SWIFT_VERSION = 5.0;
				TARGETED_DEVICE_FAMILY = "1,2";
				TEST_TARGET_NAME = iTunesSearchApp;
			};
			name = Debug;
		};
		3D0248CA2A56C76F00F0E591 /* Release */ = {
			isa = XCBuildConfiguration;
			buildSettings = {
				ALWAYS_EMBED_SWIFT_STANDARD_LIBRARIES = YES;
				CODE_SIGN_STYLE = Automatic;
				CURRENT_PROJECT_VERSION = 1;
				DEVELOPMENT_TEAM = RYD4U9GKCK;
				GENERATE_INFOPLIST_FILE = YES;
				MARKETING_VERSION = 1.0;
				PRODUCT_BUNDLE_IDENTIFIER = com.mahesh.itunesSearchApp.iTunesSearchAppUITests;
				PRODUCT_NAME = "$(TARGET_NAME)";
				SWIFT_EMIT_LOC_STRINGS = NO;
				SWIFT_VERSION = 5.0;
				TARGETED_DEVICE_FAMILY = "1,2";
				TEST_TARGET_NAME = iTunesSearchApp;
			};
			name = Release;
		};
/* End XCBuildConfiguration section */

/* Begin XCConfigurationList section */
		3D0248932A56C76E00F0E591 /* Build configuration list for PBXProject "iTunesSearchApp" */ = {
			isa = XCConfigurationList;
			buildConfigurations = (
				3D0248C02A56C76F00F0E591 /* Debug */,
				3D0248C12A56C76F00F0E591 /* Release */,
			);
			defaultConfigurationIsVisible = 0;
			defaultConfigurationName = Release;
		};
		3D0248C22A56C76F00F0E591 /* Build configuration list for PBXNativeTarget "iTunesSearchApp" */ = {
			isa = XCConfigurationList;
			buildConfigurations = (
				3D0248C32A56C76F00F0E591 /* Debug */,
				3D0248C42A56C76F00F0E591 /* Release */,
			);
			defaultConfigurationIsVisible = 0;
			defaultConfigurationName = Release;
		};
		3D0248C52A56C76F00F0E591 /* Build configuration list for PBXNativeTarget "iTunesSearchAppTests" */ = {
			isa = XCConfigurationList;
			buildConfigurations = (
				3D0248C62A56C76F00F0E591 /* Debug */,
				3D0248C72A56C76F00F0E591 /* Release */,
			);
			defaultConfigurationIsVisible = 0;
			defaultConfigurationName = Release;
		};
		3D0248C82A56C76F00F0E591 /* Build configuration list for PBXNativeTarget "iTunesSearchAppUITests" */ = {
			isa = XCConfigurationList;
			buildConfigurations = (
				3D0248C92A56C76F00F0E591 /* Debug */,
				3D0248CA2A56C76F00F0E591 /* Release */,
			);
			defaultConfigurationIsVisible = 0;
			defaultConfigurationName = Release;
		};
/* End XCConfigurationList section */
	};
	rootObject = 3D0248902A56C76E00F0E591 /* Project object */;
}
